
Microsoft Visual Studio Solution File, Format Version 12.00
# Visual Studio Version 17
VisualStudioVersion = 17.4.33213.308
MinimumVisualStudioVersion = 10.0.40219.1
Project("{FAE04EC0-301F-11D3-BF4B-00C04F79EFBC}") = "StudentProgManagment", "StudentProgManagment\StudentProgManagment.csproj", "{4F245189-A28D-455F-8F51-761F57DBF983}"
EndProject
Global
	GlobalSection(SolutionConfigurationPlatforms) = preSolution
		Debug|Any CPU = Debug|Any CPU
		Release|Any CPU = Release|Any CPU
	EndGlobalSection
	GlobalSection(ProjectConfigurationPlatforms) = postSolution
		{4F245189-A28D-455F-8F51-761F57DBF983}.Debug|Any CPU.ActiveCfg = Debug|Any CPU
		{4F245189-A28D-455F-8F51-761F57DBF983}.Debug|Any CPU.Build.0 = Debug|Any CPU
		{4F245189-A28D-455F-8F51-761F57DBF983}.Release|Any CPU.ActiveCfg = Release|Any CPU
		{4F245189-A28D-455F-8F51-761F57DBF983}.Release|Any CPU.Build.0 = Release|Any CPU
	EndGlobalSection
	GlobalSection(SolutionProperties) = preSolution
		HideSolutionNode = FALSE
	EndGlobalSection
	GlobalSection(ExtensibilityGlobals) = postSolution
		SolutionGuid = {4D0F9EED-A1D9-4C55-B8C2-2E3F088E6638}
	EndGlobalSection
EndGlobal
