
Microsoft Visual Studio Solution File, Format Version 12.00
# Visual Studio Version 17
VisualStudioVersion = 17.4.33205.214
MinimumVisualStudioVersion = 10.0.40219.1
Project("{9A19103F-16F7-4668-BE54-9A1E7A4F7556}") = "Day_02", "Day_02\Day_02.csproj", "{78DA11D6-E3F0-4D18-B7D3-6C611A3635D2}"
EndProject
Project("{FAE04EC0-301F-11D3-BF4B-00C04F79EFBC}") = "variables", "variables\variables.csproj", "{861C0EA6-D24E-4C3B-A691-764BF22B0F1F}"
EndProject
Project("{FAE04EC0-301F-11D3-BF4B-00C04F79EFBC}") = "Constructor", "Constructor\Constructor.csproj", "{C9F2E7AD-DAFF-447E-A6F3-53AF8360D946}"
EndProject
Project("{FAE04EC0-301F-11D3-BF4B-00C04F79EFBC}") = "Assignment1", "Assignment1\Assignment1.csproj", "{4854F3B9-F755-4FFC-B571-C8E1A2EA6705}"
EndProject
Global
	GlobalSection(SolutionConfigurationPlatforms) = preSolution
		Debug|Any CPU = Debug|Any CPU
		Release|Any CPU = Release|Any CPU
	EndGlobalSection
	GlobalSection(ProjectConfigurationPlatforms) = postSolution
		{78DA11D6-E3F0-4D18-B7D3-6C611A3635D2}.Debug|Any CPU.ActiveCfg = Debug|Any CPU
		{78DA11D6-E3F0-4D18-B7D3-6C611A3635D2}.Debug|Any CPU.Build.0 = Debug|Any CPU
		{78DA11D6-E3F0-4D18-B7D3-6C611A3635D2}.Release|Any CPU.ActiveCfg = Release|Any CPU
		{78DA11D6-E3F0-4D18-B7D3-6C611A3635D2}.Release|Any CPU.Build.0 = Release|Any CPU
		{861C0EA6-D24E-4C3B-A691-764BF22B0F1F}.Debug|Any CPU.ActiveCfg = Debug|Any CPU
		{861C0EA6-D24E-4C3B-A691-764BF22B0F1F}.Debug|Any CPU.Build.0 = Debug|Any CPU
		{861C0EA6-D24E-4C3B-A691-764BF22B0F1F}.Release|Any CPU.ActiveCfg = Release|Any CPU
		{861C0EA6-D24E-4C3B-A691-764BF22B0F1F}.Release|Any CPU.Build.0 = Release|Any CPU
		{C9F2E7AD-DAFF-447E-A6F3-53AF8360D946}.Debug|Any CPU.ActiveCfg = Debug|Any CPU
		{C9F2E7AD-DAFF-447E-A6F3-53AF8360D946}.Debug|Any CPU.Build.0 = Debug|Any CPU
		{C9F2E7AD-DAFF-447E-A6F3-53AF8360D946}.Release|Any CPU.ActiveCfg = Release|Any CPU
		{C9F2E7AD-DAFF-447E-A6F3-53AF8360D946}.Release|Any CPU.Build.0 = Release|Any CPU
		{4854F3B9-F755-4FFC-B571-C8E1A2EA6705}.Debug|Any CPU.ActiveCfg = Debug|Any CPU
		{4854F3B9-F755-4FFC-B571-C8E1A2EA6705}.Debug|Any CPU.Build.0 = Debug|Any CPU
		{4854F3B9-F755-4FFC-B571-C8E1A2EA6705}.Release|Any CPU.ActiveCfg = Release|Any CPU
		{4854F3B9-F755-4FFC-B571-C8E1A2EA6705}.Release|Any CPU.Build.0 = Release|Any CPU
	EndGlobalSection
	GlobalSection(SolutionProperties) = preSolution
		HideSolutionNode = FALSE
	EndGlobalSection
	GlobalSection(ExtensibilityGlobals) = postSolution
		SolutionGuid = {033C305E-3FF9-4E30-AE72-F5CC8C791C71}
	EndGlobalSection
EndGlobal
